// !$*UTF8*$!
{
	archiveVersion = 1;
	classes = {
	};
	objectVersion = 46;
	objects = {

/* Begin PBXBuildFile section */
		FD44F23F11F3D2B2000B1930 /* UIKit.framework in Frameworks */ = {isa = PBXBuildFile; fileRef = FD44F23E11F3D2B2000B1930 /* UIKit.framework */; };
		FD44F36F11F3D30E000B1930 /* Foundation.framework in Frameworks */ = {isa = PBXBuildFile; fileRef = FD44F36E11F3D30E000B1930 /* Foundation.framework */; };
		FD44F3C511F3D335000B1930 /* Base64Transcoder.c in Sources */ = {isa = PBXBuildFile; fileRef = FD44F21411F3D14E000B1930 /* Base64Transcoder.c */; };
		FD44F3C611F3D336000B1930 /* Base64Transcoder.h in Headers */ = {isa = PBXBuildFile; fileRef = FD44F21511F3D14E000B1930 /* Base64Transcoder.h */; };
		FD44F3C711F3D336000B1930 /* hmac.c in Sources */ = {isa = PBXBuildFile; fileRef = FD44F21611F3D14E000B1930 /* hmac.c */; };
		FD44F3C811F3D337000B1930 /* hmac.h in Headers */ = {isa = PBXBuildFile; fileRef = FD44F21711F3D14E000B1930 /* hmac.h */; };
		FD44F3C911F3D342000B1930 /* NSMutableURLRequest+Parameters.h in Headers */ = {isa = PBXBuildFile; fileRef = FD44F20D11F3D14E000B1930 /* NSMutableURLRequest+Parameters.h */; settings = {ATTRIBUTES = (Public, ); }; };
		FD44F3CA11F3D344000B1930 /* NSMutableURLRequest+Parameters.m in Sources */ = {isa = PBXBuildFile; fileRef = FD44F20E11F3D14E000B1930 /* NSMutableURLRequest+Parameters.m */; };
		FD44F3CB11F3D345000B1930 /* NSString+URLEncoding.h in Headers */ = {isa = PBXBuildFile; fileRef = FD44F20F11F3D14E000B1930 /* NSString+URLEncoding.h */; settings = {ATTRIBUTES = (Public, ); }; };
		FD44F3CC11F3D345000B1930 /* NSURL+Base.h in Headers */ = {isa = PBXBuildFile; fileRef = FD44F21111F3D14E000B1930 /* NSURL+Base.h */; settings = {ATTRIBUTES = (Public, ); }; };
		FD44F3CD11F3D346000B1930 /* NSString+URLEncoding.m in Sources */ = {isa = PBXBuildFile; fileRef = FD44F21011F3D14E000B1930 /* NSString+URLEncoding.m */; };
		FD44F3CE11F3D347000B1930 /* NSURL+Base.m in Sources */ = {isa = PBXBuildFile; fileRef = FD44F21211F3D14E000B1930 /* NSURL+Base.m */; };
		FD44F3CF11F3D347000B1930 /* OACall.h in Headers */ = {isa = PBXBuildFile; fileRef = FD44F21A11F3D14E000B1930 /* OACall.h */; };
		FD44F3D011F3D348000B1930 /* OACall.m in Sources */ = {isa = PBXBuildFile; fileRef = FD44F21B11F3D14E000B1930 /* OACall.m */; };
		FD44F3D111F3D348000B1930 /* OAConsumer.h in Headers */ = {isa = PBXBuildFile; fileRef = FD44F21C11F3D14E000B1930 /* OAConsumer.h */; settings = {ATTRIBUTES = (Public, ); }; };
		FD44F3D211F3D349000B1930 /* OAConsumer.m in Sources */ = {isa = PBXBuildFile; fileRef = FD44F21D11F3D14E000B1930 /* OAConsumer.m */; };
		FD44F3D311F3D34A000B1930 /* OADataFetcher.h in Headers */ = {isa = PBXBuildFile; fileRef = FD44F21E11F3D14E000B1930 /* OADataFetcher.h */; settings = {ATTRIBUTES = (Public, ); }; };
		FD44F3D411F3D34A000B1930 /* OADataFetcher.m in Sources */ = {isa = PBXBuildFile; fileRef = FD44F21F11F3D14E000B1930 /* OADataFetcher.m */; };
		FD44F3D511F3D34B000B1930 /* OAHMAC_SHA1SignatureProvider.h in Headers */ = {isa = PBXBuildFile; fileRef = FD44F22011F3D14E000B1930 /* OAHMAC_SHA1SignatureProvider.h */; settings = {ATTRIBUTES = (Public, ); }; };
		FD44F3D611F3D34B000B1930 /* OAHMAC_SHA1SignatureProvider.m in Sources */ = {isa = PBXBuildFile; fileRef = FD44F22111F3D14E000B1930 /* OAHMAC_SHA1SignatureProvider.m */; };
		FD44F3D711F3D34B000B1930 /* OAMutableURLRequest.h in Headers */ = {isa = PBXBuildFile; fileRef = FD44F22211F3D14E000B1930 /* OAMutableURLRequest.h */; settings = {ATTRIBUTES = (Public, ); }; };
		FD44F3D811F3D34F000B1930 /* OAMutableURLRequest.m in Sources */ = {isa = PBXBuildFile; fileRef = FD44F22311F3D14E000B1930 /* OAMutableURLRequest.m */; };
		FD44F3D911F3D350000B1930 /* OAPlaintextSignatureProvider.h in Headers */ = {isa = PBXBuildFile; fileRef = FD44F22411F3D14E000B1930 /* OAPlaintextSignatureProvider.h */; settings = {ATTRIBUTES = (Public, ); }; };
		FD44F3DA11F3D350000B1930 /* OAPlaintextSignatureProvider.m in Sources */ = {isa = PBXBuildFile; fileRef = FD44F22511F3D14E000B1930 /* OAPlaintextSignatureProvider.m */; };
		FD44F3DB11F3D351000B1930 /* OAProblem.h in Headers */ = {isa = PBXBuildFile; fileRef = FD44F22611F3D14E000B1930 /* OAProblem.h */; settings = {ATTRIBUTES = (Public, ); }; };
		FD44F3DC11F3D351000B1930 /* OAProblem.m in Sources */ = {isa = PBXBuildFile; fileRef = FD44F22711F3D14E000B1930 /* OAProblem.m */; };
		FD44F3DD11F3D351000B1930 /* OARequestParameter.h in Headers */ = {isa = PBXBuildFile; fileRef = FD44F22811F3D14E000B1930 /* OARequestParameter.h */; settings = {ATTRIBUTES = (Public, ); }; };
		FD44F3DE11F3D352000B1930 /* OARequestParameter.m in Sources */ = {isa = PBXBuildFile; fileRef = FD44F22911F3D14E000B1930 /* OARequestParameter.m */; };
		FD44F3DF11F3D352000B1930 /* OAServiceTicket.h in Headers */ = {isa = PBXBuildFile; fileRef = FD44F22A11F3D14E000B1930 /* OAServiceTicket.h */; settings = {ATTRIBUTES = (Public, ); }; };
		FD44F3E011F3D353000B1930 /* OAServiceTicket.m in Sources */ = {isa = PBXBuildFile; fileRef = FD44F22B11F3D14E000B1930 /* OAServiceTicket.m */; };
		FD44F3E111F3D353000B1930 /* OASignatureProviding.h in Headers */ = {isa = PBXBuildFile; fileRef = FD44F22C11F3D14E000B1930 /* OASignatureProviding.h */; settings = {ATTRIBUTES = (Public, ); }; };
		FD44F3E211F3D354000B1930 /* OAToken.h in Headers */ = {isa = PBXBuildFile; fileRef = FD44F22D11F3D14E000B1930 /* OAToken.h */; settings = {ATTRIBUTES = (Public, ); }; };
		FD44F3E311F3D354000B1930 /* OAToken.m in Sources */ = {isa = PBXBuildFile; fileRef = FD44F22E11F3D14E000B1930 /* OAToken.m */; };
		FD44F3E411F3D356000B1930 /* OATokenManager.h in Headers */ = {isa = PBXBuildFile; fileRef = FD44F22F11F3D14E000B1930 /* OATokenManager.h */; settings = {ATTRIBUTES = (Public, ); }; };
		FD44F3E511F3D356000B1930 /* OATokenManager.m in Sources */ = {isa = PBXBuildFile; fileRef = FD44F23011F3D14E000B1930 /* OATokenManager.m */; };
		FD44F3E611F3D357000B1930 /* OAuthConsumer.h in Headers */ = {isa = PBXBuildFile; fileRef = FD44F23111F3D14E000B1930 /* OAuthConsumer.h */; settings = {ATTRIBUTES = (Public, ); }; };
		FD44F3E711F3D358000B1930 /* sha1.c in Sources */ = {isa = PBXBuildFile; fileRef = FD44F21811F3D14E000B1930 /* sha1.c */; };
		FD44F3E811F3D358000B1930 /* sha1.h in Headers */ = {isa = PBXBuildFile; fileRef = FD44F21911F3D14E000B1930 /* sha1.h */; };
		FD69774411FBF376000311C2 /* Foundation.framework in Frameworks */ = {isa = PBXBuildFile; fileRef = FD44F3FF11F3D633000B1930 /* Foundation.framework */; };
		FD69774511FBF377000311C2 /* Cocoa.framework in Frameworks */ = {isa = PBXBuildFile; fileRef = FD44F43C11F3D90D000B1930 /* Cocoa.framework */; };
		FD69774611FBF390000311C2 /* Base64Transcoder.c in Sources */ = {isa = PBXBuildFile; fileRef = FD44F21411F3D14E000B1930 /* Base64Transcoder.c */; };
		FD69774711FBF391000311C2 /* Base64Transcoder.h in Headers */ = {isa = PBXBuildFile; fileRef = FD44F21511F3D14E000B1930 /* Base64Transcoder.h */; };
		FD69774811FBF397000311C2 /* hmac.c in Sources */ = {isa = PBXBuildFile; fileRef = FD44F21611F3D14E000B1930 /* hmac.c */; };
		FD69774911FBF398000311C2 /* hmac.h in Headers */ = {isa = PBXBuildFile; fileRef = FD44F21711F3D14E000B1930 /* hmac.h */; };
		FD69774A11FBF39E000311C2 /* NSMutableURLRequest+Parameters.h in Headers */ = {isa = PBXBuildFile; fileRef = FD44F20D11F3D14E000B1930 /* NSMutableURLRequest+Parameters.h */; settings = {ATTRIBUTES = (Public, ); }; };
		FD69774B11FBF39F000311C2 /* NSMutableURLRequest+Parameters.m in Sources */ = {isa = PBXBuildFile; fileRef = FD44F20E11F3D14E000B1930 /* NSMutableURLRequest+Parameters.m */; };
		FD69774C11FBF3A1000311C2 /* NSString+URLEncoding.h in Headers */ = {isa = PBXBuildFile; fileRef = FD44F20F11F3D14E000B1930 /* NSString+URLEncoding.h */; settings = {ATTRIBUTES = (Public, ); }; };
		FD69774D11FBF3A2000311C2 /* NSString+URLEncoding.m in Sources */ = {isa = PBXBuildFile; fileRef = FD44F21011F3D14E000B1930 /* NSString+URLEncoding.m */; };
		FD69774E11FBF3A2000311C2 /* NSURL+Base.h in Headers */ = {isa = PBXBuildFile; fileRef = FD44F21111F3D14E000B1930 /* NSURL+Base.h */; settings = {ATTRIBUTES = (Public, ); }; };
		FD69774F11FBF3A3000311C2 /* NSURL+Base.m in Sources */ = {isa = PBXBuildFile; fileRef = FD44F21211F3D14E000B1930 /* NSURL+Base.m */; };
		FD69775011FBF3A5000311C2 /* OACall.h in Headers */ = {isa = PBXBuildFile; fileRef = FD44F21A11F3D14E000B1930 /* OACall.h */; settings = {ATTRIBUTES = (Public, ); }; };
		FD69775111FBF3A6000311C2 /* OACall.m in Sources */ = {isa = PBXBuildFile; fileRef = FD44F21B11F3D14E000B1930 /* OACall.m */; };
		FD69775211FBF3A6000311C2 /* OAConsumer.h in Headers */ = {isa = PBXBuildFile; fileRef = FD44F21C11F3D14E000B1930 /* OAConsumer.h */; settings = {ATTRIBUTES = (Public, ); }; };
		FD69775311FBF3A7000311C2 /* OAConsumer.m in Sources */ = {isa = PBXBuildFile; fileRef = FD44F21D11F3D14E000B1930 /* OAConsumer.m */; };
		FD69775411FBF3A8000311C2 /* OADataFetcher.h in Headers */ = {isa = PBXBuildFile; fileRef = FD44F21E11F3D14E000B1930 /* OADataFetcher.h */; settings = {ATTRIBUTES = (Public, ); }; };
		FD69775511FBF3A9000311C2 /* OADataFetcher.m in Sources */ = {isa = PBXBuildFile; fileRef = FD44F21F11F3D14E000B1930 /* OADataFetcher.m */; };
		FD69775611FBF3AA000311C2 /* OAHMAC_SHA1SignatureProvider.h in Headers */ = {isa = PBXBuildFile; fileRef = FD44F22011F3D14E000B1930 /* OAHMAC_SHA1SignatureProvider.h */; settings = {ATTRIBUTES = (Public, ); }; };
		FD69775711FBF3AB000311C2 /* OAHMAC_SHA1SignatureProvider.m in Sources */ = {isa = PBXBuildFile; fileRef = FD44F22111F3D14E000B1930 /* OAHMAC_SHA1SignatureProvider.m */; };
		FD69775811FBF3AD000311C2 /* OAMutableURLRequest.h in Headers */ = {isa = PBXBuildFile; fileRef = FD44F22211F3D14E000B1930 /* OAMutableURLRequest.h */; settings = {ATTRIBUTES = (Public, ); }; };
		FD69775911FBF3AE000311C2 /* OAMutableURLRequest.m in Sources */ = {isa = PBXBuildFile; fileRef = FD44F22311F3D14E000B1930 /* OAMutableURLRequest.m */; };
		FD69775A11FBF3AE000311C2 /* OAPlaintextSignatureProvider.h in Headers */ = {isa = PBXBuildFile; fileRef = FD44F22411F3D14E000B1930 /* OAPlaintextSignatureProvider.h */; settings = {ATTRIBUTES = (Public, ); }; };
		FD69775B11FBF3AF000311C2 /* OAPlaintextSignatureProvider.m in Sources */ = {isa = PBXBuildFile; fileRef = FD44F22511F3D14E000B1930 /* OAPlaintextSignatureProvider.m */; };
		FD69775C11FBF3B0000311C2 /* OAProblem.h in Headers */ = {isa = PBXBuildFile; fileRef = FD44F22611F3D14E000B1930 /* OAProblem.h */; settings = {ATTRIBUTES = (Public, ); }; };
		FD69775D11FBF3B1000311C2 /* OAProblem.m in Sources */ = {isa = PBXBuildFile; fileRef = FD44F22711F3D14E000B1930 /* OAProblem.m */; };
		FD69775E11FBF3B2000311C2 /* OARequestParameter.h in Headers */ = {isa = PBXBuildFile; fileRef = FD44F22811F3D14E000B1930 /* OARequestParameter.h */; settings = {ATTRIBUTES = (Public, ); }; };
		FD69775F11FBF3B3000311C2 /* OARequestParameter.m in Sources */ = {isa = PBXBuildFile; fileRef = FD44F22911F3D14E000B1930 /* OARequestParameter.m */; };
		FD69776011FBF3B4000311C2 /* OAServiceTicket.h in Headers */ = {isa = PBXBuildFile; fileRef = FD44F22A11F3D14E000B1930 /* OAServiceTicket.h */; settings = {ATTRIBUTES = (Public, ); }; };
		FD69776111FBF3B5000311C2 /* OAServiceTicket.m in Sources */ = {isa = PBXBuildFile; fileRef = FD44F22B11F3D14E000B1930 /* OAServiceTicket.m */; };
		FD69776211FBF3B9000311C2 /* OASignatureProviding.h in Headers */ = {isa = PBXBuildFile; fileRef = FD44F22C11F3D14E000B1930 /* OASignatureProviding.h */; settings = {ATTRIBUTES = (Public, ); }; };
		FD69776311FBF3BD000311C2 /* OAToken.h in Headers */ = {isa = PBXBuildFile; fileRef = FD44F22D11F3D14E000B1930 /* OAToken.h */; settings = {ATTRIBUTES = (Public, ); }; };
		FD69776411FBF3BE000311C2 /* OAToken.m in Sources */ = {isa = PBXBuildFile; fileRef = FD44F22E11F3D14E000B1930 /* OAToken.m */; };
		FD69776511FBF3BF000311C2 /* OATokenManager.h in Headers */ = {isa = PBXBuildFile; fileRef = FD44F22F11F3D14E000B1930 /* OATokenManager.h */; settings = {ATTRIBUTES = (Public, ); }; };
		FD69776611FBF3C0000311C2 /* OATokenManager.m in Sources */ = {isa = PBXBuildFile; fileRef = FD44F23011F3D14E000B1930 /* OATokenManager.m */; };
		FD69776711FBF3C1000311C2 /* OAuthConsumer.h in Headers */ = {isa = PBXBuildFile; fileRef = FD44F23111F3D14E000B1930 /* OAuthConsumer.h */; settings = {ATTRIBUTES = (Public, ); }; };
		FD69776811FBF3C2000311C2 /* sha1.c in Sources */ = {isa = PBXBuildFile; fileRef = FD44F21811F3D14E000B1930 /* sha1.c */; };
		FD69776911FBF3C2000311C2 /* sha1.h in Headers */ = {isa = PBXBuildFile; fileRef = FD44F21911F3D14E000B1930 /* sha1.h */; };
		FD6977F811FBFCC9000311C2 /* OAMutableURLRequest+Debug.h in Headers */ = {isa = PBXBuildFile; fileRef = FD6977F611FBFCC9000311C2 /* OAMutableURLRequest+Debug.h */; settings = {ATTRIBUTES = (Public, ); }; };
		FD6977F911FBFCC9000311C2 /* OAMutableURLRequest+Debug.m in Sources */ = {isa = PBXBuildFile; fileRef = FD6977F711FBFCC9000311C2 /* OAMutableURLRequest+Debug.m */; };
		FD6977FA11FBFCC9000311C2 /* OAMutableURLRequest+Debug.h in Headers */ = {isa = PBXBuildFile; fileRef = FD6977F611FBFCC9000311C2 /* OAMutableURLRequest+Debug.h */; settings = {ATTRIBUTES = (Public, ); }; };
		FD6977FB11FBFCC9000311C2 /* OAMutableURLRequest+Debug.m in Sources */ = {isa = PBXBuildFile; fileRef = FD6977F711FBFCC9000311C2 /* OAMutableURLRequest+Debug.m */; };
/* End PBXBuildFile section */

/* Begin PBXFileReference section */
		FD44F20D11F3D14E000B1930 /* NSMutableURLRequest+Parameters.h */ = {isa = PBXFileReference; fileEncoding = 4; lastKnownFileType = sourcecode.c.h; path = "NSMutableURLRequest+Parameters.h"; sourceTree = "<group>"; };
		FD44F20E11F3D14E000B1930 /* NSMutableURLRequest+Parameters.m */ = {isa = PBXFileReference; fileEncoding = 4; lastKnownFileType = sourcecode.c.objc; path = "NSMutableURLRequest+Parameters.m"; sourceTree = "<group>"; };
		FD44F20F11F3D14E000B1930 /* NSString+URLEncoding.h */ = {isa = PBXFileReference; fileEncoding = 4; lastKnownFileType = sourcecode.c.h; path = "NSString+URLEncoding.h"; sourceTree = "<group>"; };
		FD44F21011F3D14E000B1930 /* NSString+URLEncoding.m */ = {isa = PBXFileReference; fileEncoding = 4; lastKnownFileType = sourcecode.c.objc; path = "NSString+URLEncoding.m"; sourceTree = "<group>"; };
		FD44F21111F3D14E000B1930 /* NSURL+Base.h */ = {isa = PBXFileReference; fileEncoding = 4; lastKnownFileType = sourcecode.c.h; path = "NSURL+Base.h"; sourceTree = "<group>"; };
		FD44F21211F3D14E000B1930 /* NSURL+Base.m */ = {isa = PBXFileReference; fileEncoding = 4; lastKnownFileType = sourcecode.c.objc; path = "NSURL+Base.m"; sourceTree = "<group>"; };
		FD44F21411F3D14E000B1930 /* Base64Transcoder.c */ = {isa = PBXFileReference; fileEncoding = 4; lastKnownFileType = sourcecode.c.c; path = Base64Transcoder.c; sourceTree = "<group>"; };
		FD44F21511F3D14E000B1930 /* Base64Transcoder.h */ = {isa = PBXFileReference; fileEncoding = 4; lastKnownFileType = sourcecode.c.h; path = Base64Transcoder.h; sourceTree = "<group>"; };
		FD44F21611F3D14E000B1930 /* hmac.c */ = {isa = PBXFileReference; fileEncoding = 4; lastKnownFileType = sourcecode.c.c; path = hmac.c; sourceTree = "<group>"; };
		FD44F21711F3D14E000B1930 /* hmac.h */ = {isa = PBXFileReference; fileEncoding = 4; lastKnownFileType = sourcecode.c.h; path = hmac.h; sourceTree = "<group>"; };
		FD44F21811F3D14E000B1930 /* sha1.c */ = {isa = PBXFileReference; fileEncoding = 4; lastKnownFileType = sourcecode.c.c; path = sha1.c; sourceTree = "<group>"; };
		FD44F21911F3D14E000B1930 /* sha1.h */ = {isa = PBXFileReference; fileEncoding = 4; lastKnownFileType = sourcecode.c.h; path = sha1.h; sourceTree = "<group>"; };
		FD44F21A11F3D14E000B1930 /* OACall.h */ = {isa = PBXFileReference; fileEncoding = 4; lastKnownFileType = sourcecode.c.h; path = OACall.h; sourceTree = "<group>"; };
		FD44F21B11F3D14E000B1930 /* OACall.m */ = {isa = PBXFileReference; fileEncoding = 4; lastKnownFileType = sourcecode.c.objc; path = OACall.m; sourceTree = "<group>"; };
		FD44F21C11F3D14E000B1930 /* OAConsumer.h */ = {isa = PBXFileReference; fileEncoding = 4; lastKnownFileType = sourcecode.c.h; path = OAConsumer.h; sourceTree = "<group>"; };
		FD44F21D11F3D14E000B1930 /* OAConsumer.m */ = {isa = PBXFileReference; fileEncoding = 4; lastKnownFileType = sourcecode.c.objc; path = OAConsumer.m; sourceTree = "<group>"; };
		FD44F21E11F3D14E000B1930 /* OADataFetcher.h */ = {isa = PBXFileReference; fileEncoding = 4; lastKnownFileType = sourcecode.c.h; path = OADataFetcher.h; sourceTree = "<group>"; };
		FD44F21F11F3D14E000B1930 /* OADataFetcher.m */ = {isa = PBXFileReference; fileEncoding = 4; lastKnownFileType = sourcecode.c.objc; path = OADataFetcher.m; sourceTree = "<group>"; };
		FD44F22011F3D14E000B1930 /* OAHMAC_SHA1SignatureProvider.h */ = {isa = PBXFileReference; fileEncoding = 4; lastKnownFileType = sourcecode.c.h; path = OAHMAC_SHA1SignatureProvider.h; sourceTree = "<group>"; };
		FD44F22111F3D14E000B1930 /* OAHMAC_SHA1SignatureProvider.m */ = {isa = PBXFileReference; fileEncoding = 4; lastKnownFileType = sourcecode.c.objc; path = OAHMAC_SHA1SignatureProvider.m; sourceTree = "<group>"; };
		FD44F22211F3D14E000B1930 /* OAMutableURLRequest.h */ = {isa = PBXFileReference; fileEncoding = 4; lastKnownFileType = sourcecode.c.h; path = OAMutableURLRequest.h; sourceTree = "<group>"; };
		FD44F22311F3D14E000B1930 /* OAMutableURLRequest.m */ = {isa = PBXFileReference; fileEncoding = 4; lastKnownFileType = sourcecode.c.objc; path = OAMutableURLRequest.m; sourceTree = "<group>"; };
		FD44F22411F3D14E000B1930 /* OAPlaintextSignatureProvider.h */ = {isa = PBXFileReference; fileEncoding = 4; lastKnownFileType = sourcecode.c.h; path = OAPlaintextSignatureProvider.h; sourceTree = "<group>"; };
		FD44F22511F3D14E000B1930 /* OAPlaintextSignatureProvider.m */ = {isa = PBXFileReference; fileEncoding = 4; lastKnownFileType = sourcecode.c.objc; path = OAPlaintextSignatureProvider.m; sourceTree = "<group>"; };
		FD44F22611F3D14E000B1930 /* OAProblem.h */ = {isa = PBXFileReference; fileEncoding = 4; lastKnownFileType = sourcecode.c.h; path = OAProblem.h; sourceTree = "<group>"; };
		FD44F22711F3D14E000B1930 /* OAProblem.m */ = {isa = PBXFileReference; fileEncoding = 4; lastKnownFileType = sourcecode.c.objc; path = OAProblem.m; sourceTree = "<group>"; };
		FD44F22811F3D14E000B1930 /* OARequestParameter.h */ = {isa = PBXFileReference; fileEncoding = 4; lastKnownFileType = sourcecode.c.h; path = OARequestParameter.h; sourceTree = "<group>"; };
		FD44F22911F3D14E000B1930 /* OARequestParameter.m */ = {isa = PBXFileReference; fileEncoding = 4; lastKnownFileType = sourcecode.c.objc; path = OARequestParameter.m; sourceTree = "<group>"; };
		FD44F22A11F3D14E000B1930 /* OAServiceTicket.h */ = {isa = PBXFileReference; fileEncoding = 4; lastKnownFileType = sourcecode.c.h; path = OAServiceTicket.h; sourceTree = "<group>"; };
		FD44F22B11F3D14E000B1930 /* OAServiceTicket.m */ = {isa = PBXFileReference; fileEncoding = 4; lastKnownFileType = sourcecode.c.objc; path = OAServiceTicket.m; sourceTree = "<group>"; };
		FD44F22C11F3D14E000B1930 /* OASignatureProviding.h */ = {isa = PBXFileReference; fileEncoding = 4; lastKnownFileType = sourcecode.c.h; path = OASignatureProviding.h; sourceTree = "<group>"; };
		FD44F22D11F3D14E000B1930 /* OAToken.h */ = {isa = PBXFileReference; fileEncoding = 4; lastKnownFileType = sourcecode.c.h; path = OAToken.h; sourceTree = "<group>"; };
		FD44F22E11F3D14E000B1930 /* OAToken.m */ = {isa = PBXFileReference; fileEncoding = 4; lastKnownFileType = sourcecode.c.objc; path = OAToken.m; sourceTree = "<group>"; };
		FD44F22F11F3D14E000B1930 /* OATokenManager.h */ = {isa = PBXFileReference; fileEncoding = 4; lastKnownFileType = sourcecode.c.h; path = OATokenManager.h; sourceTree = "<group>"; };
		FD44F23011F3D14E000B1930 /* OATokenManager.m */ = {isa = PBXFileReference; fileEncoding = 4; lastKnownFileType = sourcecode.c.objc; path = OATokenManager.m; sourceTree = "<group>"; };
		FD44F23111F3D14E000B1930 /* OAuthConsumer.h */ = {isa = PBXFileReference; fileEncoding = 4; lastKnownFileType = sourcecode.c.h; path = OAuthConsumer.h; sourceTree = "<group>"; };
		FD44F23611F3D1D6000B1930 /* libiPhone Device.a */ = {isa = PBXFileReference; explicitFileType = archive.ar; includeInIndex = 0; path = "libiPhone Device.a"; sourceTree = BUILT_PRODUCTS_DIR; };
		FD44F23E11F3D2B2000B1930 /* UIKit.framework */ = {isa = PBXFileReference; lastKnownFileType = wrapper.framework; name = UIKit.framework; path = Platforms/iPhoneOS.platform/Developer/SDKs/iPhoneOS4.1.sdk/System/Library/Frameworks/UIKit.framework; sourceTree = DEVELOPER_DIR; };
		FD44F36E11F3D30E000B1930 /* Foundation.framework */ = {isa = PBXFileReference; lastKnownFileType = wrapper.framework; name = Foundation.framework; path = "/iPhone OS 4 beta/Platforms/iPhoneOS.platform/Developer/SDKs/iPhoneOS4.1.sdk/System/Library/Frameworks/Foundation.framework"; sourceTree = "<absolute>"; };
		FD44F3F811F3D5B0000B1930 /* Mac-Info.plist */ = {isa = PBXFileReference; lastKnownFileType = text.plist.xml; path = "Mac-Info.plist"; sourceTree = "<group>"; };
		FD44F3FF11F3D633000B1930 /* Foundation.framework */ = {isa = PBXFileReference; lastKnownFileType = wrapper.framework; name = Foundation.framework; path = SDKs/MacOSX10.6.sdk/System/Library/Frameworks/Foundation.framework; sourceTree = DEVELOPER_DIR; };
		FD44F43C11F3D90D000B1930 /* Cocoa.framework */ = {isa = PBXFileReference; explicitFileType = wrapper.framework; name = Cocoa.framework; path = /System/Library/Frameworks/Cocoa.framework; sourceTree = "<absolute>"; };
		FD6976BF11FBBB92000311C2 /* libMac Static Library.a */ = {isa = PBXFileReference; explicitFileType = archive.ar; includeInIndex = 0; path = "libMac Static Library.a"; sourceTree = BUILT_PRODUCTS_DIR; };
		FD6977F611FBFCC9000311C2 /* OAMutableURLRequest+Debug.h */ = {isa = PBXFileReference; fileEncoding = 4; lastKnownFileType = sourcecode.c.h; path = "OAMutableURLRequest+Debug.h"; sourceTree = "<group>"; };
		FD6977F711FBFCC9000311C2 /* OAMutableURLRequest+Debug.m */ = {isa = PBXFileReference; fileEncoding = 4; lastKnownFileType = sourcecode.c.objc; path = "OAMutableURLRequest+Debug.m"; sourceTree = "<group>"; };
/* End PBXFileReference section */

/* Begin PBXFrameworksBuildPhase section */
		FD44F23411F3D1D6000B1930 /* Frameworks */ = {
			isa = PBXFrameworksBuildPhase;
			buildActionMask = 2147483647;
			files = (
				FD44F23F11F3D2B2000B1930 /* UIKit.framework in Frameworks */,
				FD44F36F11F3D30E000B1930 /* Foundation.framework in Frameworks */,
			);
			runOnlyForDeploymentPostprocessing = 0;
		};
		FD6976BD11FBBB92000311C2 /* Frameworks */ = {
			isa = PBXFrameworksBuildPhase;
			buildActionMask = 2147483647;
			files = (
				FD69774411FBF376000311C2 /* Foundation.framework in Frameworks */,
				FD69774511FBF377000311C2 /* Cocoa.framework in Frameworks */,
			);
			runOnlyForDeploymentPostprocessing = 0;
		};
/* End PBXFrameworksBuildPhase section */

/* Begin PBXGroup section */
		FD44F1FB11F3D0EA000B1930 = {
			isa = PBXGroup;
			children = (
				FD44F20C11F3D14E000B1930 /* Categories */,
				FD44F21311F3D14E000B1930 /* Crypto */,
				FD44F21A11F3D14E000B1930 /* OACall.h */,
				FD44F21B11F3D14E000B1930 /* OACall.m */,
				FD44F21C11F3D14E000B1930 /* OAConsumer.h */,
				FD44F21D11F3D14E000B1930 /* OAConsumer.m */,
				FD44F21E11F3D14E000B1930 /* OADataFetcher.h */,
				FD44F21F11F3D14E000B1930 /* OADataFetcher.m */,
				FD44F22011F3D14E000B1930 /* OAHMAC_SHA1SignatureProvider.h */,
				FD44F22111F3D14E000B1930 /* OAHMAC_SHA1SignatureProvider.m */,
				FD44F22211F3D14E000B1930 /* OAMutableURLRequest.h */,
				FD44F22311F3D14E000B1930 /* OAMutableURLRequest.m */,
				FD44F22411F3D14E000B1930 /* OAPlaintextSignatureProvider.h */,
				FD44F22511F3D14E000B1930 /* OAPlaintextSignatureProvider.m */,
				FD44F22611F3D14E000B1930 /* OAProblem.h */,
				FD44F22711F3D14E000B1930 /* OAProblem.m */,
				FD44F22811F3D14E000B1930 /* OARequestParameter.h */,
				FD44F22911F3D14E000B1930 /* OARequestParameter.m */,
				FD44F22A11F3D14E000B1930 /* OAServiceTicket.h */,
				FD44F22B11F3D14E000B1930 /* OAServiceTicket.m */,
				FD44F22C11F3D14E000B1930 /* OASignatureProviding.h */,
				FD44F22D11F3D14E000B1930 /* OAToken.h */,
				FD44F22E11F3D14E000B1930 /* OAToken.m */,
				FD44F22F11F3D14E000B1930 /* OATokenManager.h */,
				FD44F23011F3D14E000B1930 /* OATokenManager.m */,
				FD44F23111F3D14E000B1930 /* OAuthConsumer.h */,
				FD44F23B11F3D23C000B1930 /* Libraries & Frameworks */,
				FD44F23711F3D1D6000B1930 /* Products */,
				FD44F3F811F3D5B0000B1930 /* Mac-Info.plist */,
			);
			sourceTree = "<group>";
		};
		FD44F20C11F3D14E000B1930 /* Categories */ = {
			isa = PBXGroup;
			children = (
				FD6977F611FBFCC9000311C2 /* OAMutableURLRequest+Debug.h */,
				FD6977F711FBFCC9000311C2 /* OAMutableURLRequest+Debug.m */,
				FD44F20D11F3D14E000B1930 /* NSMutableURLRequest+Parameters.h */,
				FD44F20E11F3D14E000B1930 /* NSMutableURLRequest+Parameters.m */,
				FD44F20F11F3D14E000B1930 /* NSString+URLEncoding.h */,
				FD44F21011F3D14E000B1930 /* NSString+URLEncoding.m */,
				FD44F21111F3D14E000B1930 /* NSURL+Base.h */,
				FD44F21211F3D14E000B1930 /* NSURL+Base.m */,
			);
			path = Categories;
			sourceTree = "<group>";
		};
		FD44F21311F3D14E000B1930 /* Crypto */ = {
			isa = PBXGroup;
			children = (
				FD44F21411F3D14E000B1930 /* Base64Transcoder.c */,
				FD44F21511F3D14E000B1930 /* Base64Transcoder.h */,
				FD44F21611F3D14E000B1930 /* hmac.c */,
				FD44F21711F3D14E000B1930 /* hmac.h */,
				FD44F21811F3D14E000B1930 /* sha1.c */,
				FD44F21911F3D14E000B1930 /* sha1.h */,
			);
			path = Crypto;
			sourceTree = "<group>";
		};
		FD44F23711F3D1D6000B1930 /* Products */ = {
			isa = PBXGroup;
			children = (
				FD44F23611F3D1D6000B1930 /* libiPhone Device.a */,
				FD6976BF11FBBB92000311C2 /* libMac Static Library.a */,
			);
			name = Products;
			sourceTree = "<group>";
		};
		FD44F23B11F3D23C000B1930 /* Libraries & Frameworks */ = {
			isa = PBXGroup;
			children = (
				FD44F3FC11F3D5BA000B1930 /* Mac */,
				FD44F24411F3D2BD000B1930 /* iPhone */,
			);
			name = "Libraries & Frameworks";
			sourceTree = "<group>";
		};
		FD44F24411F3D2BD000B1930 /* iPhone */ = {
			isa = PBXGroup;
			children = (
				FD44F23E11F3D2B2000B1930 /* UIKit.framework */,
				FD44F36E11F3D30E000B1930 /* Foundation.framework */,
			);
			name = iPhone;
			sourceTree = "<group>";
		};
		FD44F3FC11F3D5BA000B1930 /* Mac */ = {
			isa = PBXGroup;
			children = (
				FD44F43C11F3D90D000B1930 /* Cocoa.framework */,
				FD44F3FF11F3D633000B1930 /* Foundation.framework */,
			);
			name = Mac;
			sourceTree = "<group>";
		};
/* End PBXGroup section */

/* Begin PBXHeadersBuildPhase section */
		FD44F23211F3D1D6000B1930 /* Headers */ = {
			isa = PBXHeadersBuildPhase;
			buildActionMask = 2147483647;
			files = (
				FD44F3C611F3D336000B1930 /* Base64Transcoder.h in Headers */,
				FD44F3C811F3D337000B1930 /* hmac.h in Headers */,
				FD44F3C911F3D342000B1930 /* NSMutableURLRequest+Parameters.h in Headers */,
				FD44F3CB11F3D345000B1930 /* NSString+URLEncoding.h in Headers */,
				FD44F3CC11F3D345000B1930 /* NSURL+Base.h in Headers */,
				FD44F3CF11F3D347000B1930 /* OACall.h in Headers */,
				FD44F3D111F3D348000B1930 /* OAConsumer.h in Headers */,
				FD44F3D311F3D34A000B1930 /* OADataFetcher.h in Headers */,
				FD44F3D511F3D34B000B1930 /* OAHMAC_SHA1SignatureProvider.h in Headers */,
				FD44F3D711F3D34B000B1930 /* OAMutableURLRequest.h in Headers */,
				FD44F3D911F3D350000B1930 /* OAPlaintextSignatureProvider.h in Headers */,
				FD44F3DB11F3D351000B1930 /* OAProblem.h in Headers */,
				FD44F3DD11F3D351000B1930 /* OARequestParameter.h in Headers */,
				FD44F3DF11F3D352000B1930 /* OAServiceTicket.h in Headers */,
				FD44F3E111F3D353000B1930 /* OASignatureProviding.h in Headers */,
				FD44F3E211F3D354000B1930 /* OAToken.h in Headers */,
				FD44F3E411F3D356000B1930 /* OATokenManager.h in Headers */,
				FD44F3E611F3D357000B1930 /* OAuthConsumer.h in Headers */,
				FD44F3E811F3D358000B1930 /* sha1.h in Headers */,
				FD6977F811FBFCC9000311C2 /* OAMutableURLRequest+Debug.h in Headers */,
			);
			runOnlyForDeploymentPostprocessing = 0;
		};
		FD6976BB11FBBB92000311C2 /* Headers */ = {
			isa = PBXHeadersBuildPhase;
			buildActionMask = 2147483647;
			files = (
				FD69774711FBF391000311C2 /* Base64Transcoder.h in Headers */,
				FD69774911FBF398000311C2 /* hmac.h in Headers */,
				FD69774A11FBF39E000311C2 /* NSMutableURLRequest+Parameters.h in Headers */,
				FD69774C11FBF3A1000311C2 /* NSString+URLEncoding.h in Headers */,
				FD69774E11FBF3A2000311C2 /* NSURL+Base.h in Headers */,
				FD69775011FBF3A5000311C2 /* OACall.h in Headers */,
				FD69775211FBF3A6000311C2 /* OAConsumer.h in Headers */,
				FD69775411FBF3A8000311C2 /* OADataFetcher.h in Headers */,
				FD69775611FBF3AA000311C2 /* OAHMAC_SHA1SignatureProvider.h in Headers */,
				FD69775811FBF3AD000311C2 /* OAMutableURLRequest.h in Headers */,
				FD69775A11FBF3AE000311C2 /* OAPlaintextSignatureProvider.h in Headers */,
				FD69775C11FBF3B0000311C2 /* OAProblem.h in Headers */,
				FD69775E11FBF3B2000311C2 /* OARequestParameter.h in Headers */,
				FD69776011FBF3B4000311C2 /* OAServiceTicket.h in Headers */,
				FD69776211FBF3B9000311C2 /* OASignatureProviding.h in Headers */,
				FD69776311FBF3BD000311C2 /* OAToken.h in Headers */,
				FD69776511FBF3BF000311C2 /* OATokenManager.h in Headers */,
				FD69776711FBF3C1000311C2 /* OAuthConsumer.h in Headers */,
				FD69776911FBF3C2000311C2 /* sha1.h in Headers */,
				FD6977FA11FBFCC9000311C2 /* OAMutableURLRequest+Debug.h in Headers */,
			);
			runOnlyForDeploymentPostprocessing = 0;
		};
/* End PBXHeadersBuildPhase section */

/* Begin PBXNativeTarget section */
		FD44F23511F3D1D6000B1930 /* iPhone Device */ = {
			isa = PBXNativeTarget;
			buildConfigurationList = FD44F23A11F3D1D7000B1930 /* Build configuration list for PBXNativeTarget "iPhone Device" */;
			buildPhases = (
				FD44F23211F3D1D6000B1930 /* Headers */,
				FD44F23311F3D1D6000B1930 /* Sources */,
				FD44F23411F3D1D6000B1930 /* Frameworks */,
			);
			buildRules = (
			);
			dependencies = (
			);
			name = "iPhone Device";
			productName = "iPhone Device";
			productReference = FD44F23611F3D1D6000B1930 /* libiPhone Device.a */;
			productType = "com.apple.product-type.library.static";
		};
		FD6976BE11FBBB92000311C2 /* Mac Static Library */ = {
			isa = PBXNativeTarget;
			buildConfigurationList = FD6976C211FBBC42000311C2 /* Build configuration list for PBXNativeTarget "Mac Static Library" */;
			buildPhases = (
				FD6976BB11FBBB92000311C2 /* Headers */,
				FD6976BC11FBBB92000311C2 /* Sources */,
				FD6976BD11FBBB92000311C2 /* Frameworks */,
			);
			buildRules = (
			);
			dependencies = (
			);
			name = "Mac Static Library";
			productName = "Mac Static Library";
			productReference = FD6976BF11FBBB92000311C2 /* libMac Static Library.a */;
			productType = "com.apple.product-type.library.static";
		};
/* End PBXNativeTarget section */

/* Begin PBXProject section */
		FD44F1FD11F3D0EA000B1930 /* Project object */ = {
			isa = PBXProject;
			buildConfigurationList = FD44F20011F3D0EA000B1930 /* Build configuration list for PBXProject "OAuthConsumer" */;
			compatibilityVersion = "Xcode 3.2";
			developmentRegion = English;
			hasScannedForEncodings = 0;
			knownRegions = (
				English,
				Japanese,
				French,
				German,
			);
			mainGroup = FD44F1FB11F3D0EA000B1930;
			productRefGroup = FD44F23711F3D1D6000B1930 /* Products */;
			projectDirPath = "";
			projectRoot = "";
			targets = (
				FD44F23511F3D1D6000B1930 /* iPhone Device */,
				FD6976BE11FBBB92000311C2 /* Mac Static Library */,
			);
		};
/* End PBXProject section */

/* Begin PBXSourcesBuildPhase section */
		FD44F23311F3D1D6000B1930 /* Sources */ = {
			isa = PBXSourcesBuildPhase;
			buildActionMask = 2147483647;
			files = (
				FD44F3C511F3D335000B1930 /* Base64Transcoder.c in Sources */,
				FD44F3C711F3D336000B1930 /* hmac.c in Sources */,
				FD44F3CA11F3D344000B1930 /* NSMutableURLRequest+Parameters.m in Sources */,
				FD44F3CD11F3D346000B1930 /* NSString+URLEncoding.m in Sources */,
				FD44F3CE11F3D347000B1930 /* NSURL+Base.m in Sources */,
				FD44F3D011F3D348000B1930 /* OACall.m in Sources */,
				FD44F3D211F3D349000B1930 /* OAConsumer.m in Sources */,
				FD44F3D411F3D34A000B1930 /* OADataFetcher.m in Sources */,
				FD44F3D611F3D34B000B1930 /* OAHMAC_SHA1SignatureProvider.m in Sources */,
				FD44F3D811F3D34F000B1930 /* OAMutableURLRequest.m in Sources */,
				FD44F3DA11F3D350000B1930 /* OAPlaintextSignatureProvider.m in Sources */,
				FD44F3DC11F3D351000B1930 /* OAProblem.m in Sources */,
				FD44F3DE11F3D352000B1930 /* OARequestParameter.m in Sources */,
				FD44F3E011F3D353000B1930 /* OAServiceTicket.m in Sources */,
				FD44F3E311F3D354000B1930 /* OAToken.m in Sources */,
				FD44F3E511F3D356000B1930 /* OATokenManager.m in Sources */,
				FD44F3E711F3D358000B1930 /* sha1.c in Sources */,
				FD6977F911FBFCC9000311C2 /* OAMutableURLRequest+Debug.m in Sources */,
			);
			runOnlyForDeploymentPostprocessing = 0;
		};
		FD6976BC11FBBB92000311C2 /* Sources */ = {
			isa = PBXSourcesBuildPhase;
			buildActionMask = 2147483647;
			files = (
				FD69774611FBF390000311C2 /* Base64Transcoder.c in Sources */,
				FD69774811FBF397000311C2 /* hmac.c in Sources */,
				FD69774B11FBF39F000311C2 /* NSMutableURLRequest+Parameters.m in Sources */,
				FD69774D11FBF3A2000311C2 /* NSString+URLEncoding.m in Sources */,
				FD69774F11FBF3A3000311C2 /* NSURL+Base.m in Sources */,
				FD69775111FBF3A6000311C2 /* OACall.m in Sources */,
				FD69775311FBF3A7000311C2 /* OAConsumer.m in Sources */,
				FD69775511FBF3A9000311C2 /* OADataFetcher.m in Sources */,
				FD69775711FBF3AB000311C2 /* OAHMAC_SHA1SignatureProvider.m in Sources */,
				FD69775911FBF3AE000311C2 /* OAMutableURLRequest.m in Sources */,
				FD69775B11FBF3AF000311C2 /* OAPlaintextSignatureProvider.m in Sources */,
				FD69775D11FBF3B1000311C2 /* OAProblem.m in Sources */,
				FD69775F11FBF3B3000311C2 /* OARequestParameter.m in Sources */,
				FD69776111FBF3B5000311C2 /* OAServiceTicket.m in Sources */,
				FD69776411FBF3BE000311C2 /* OAToken.m in Sources */,
				FD69776611FBF3C0000311C2 /* OATokenManager.m in Sources */,
				FD69776811FBF3C2000311C2 /* sha1.c in Sources */,
				FD6977FB11FBFCC9000311C2 /* OAMutableURLRequest+Debug.m in Sources */,
			);
			runOnlyForDeploymentPostprocessing = 0;
		};
/* End PBXSourcesBuildPhase section */

/* Begin XCBuildConfiguration section */
		FD44F1FE11F3D0EA000B1930 /* Debug */ = {
			isa = XCBuildConfiguration;
			buildSettings = {
				COPY_PHASE_STRIP = NO;
			};
			name = Debug;
		};
		FD44F1FF11F3D0EA000B1930 /* Release */ = {
			isa = XCBuildConfiguration;
			buildSettings = {
				COPY_PHASE_STRIP = YES;
			};
			name = Release;
		};
		FD44F23811F3D1D7000B1930 /* Debug */ = {
			isa = XCBuildConfiguration;
			buildSettings = {
				ALWAYS_SEARCH_USER_PATHS = NO;
				ARCHS = "$(ARCHS_STANDARD_32_BIT)";
				COPY_PHASE_STRIP = NO;
				FRAMEWORK_SEARCH_PATHS = (
					"$(inherited)",
					"\"$(DEVELOPER_DIR)/Platforms/iPhoneOS.platform/Developer/SDKs/iPhoneOS4.1.sdk/System/Library/Frameworks\"",
				);
				GCC_DYNAMIC_NO_PIC = NO;
				GCC_OPTIMIZATION_LEVEL = 0;
				PREBINDING = NO;
				PRODUCT_NAME = "iPhone Device";
				SDKROOT = iphoneos4.1;
			};
			name = Debug;
		};
		FD44F23911F3D1D7000B1930 /* Release */ = {
			isa = XCBuildConfiguration;
			buildSettings = {
				ALWAYS_SEARCH_USER_PATHS = NO;
				COPY_PHASE_STRIP = YES;
				DEBUG_INFORMATION_FORMAT = "dwarf-with-dsym";
				FRAMEWORK_SEARCH_PATHS = (
					"$(inherited)",
					"\"$(DEVELOPER_DIR)/Platforms/iPhoneOS.platform/Developer/SDKs/iPhoneOS4.1.sdk/System/Library/Frameworks\"",
					"\"$(DEVELOPER_DIR)/SDKs/MacOSX10.6.sdk/System/Library/Frameworks\"",
					"\"$(SDKROOT)/\"",
				);
				GCC_ENABLE_FIX_AND_CONTINUE = NO;
				PREBINDING = NO;
				PRODUCT_NAME = "iPhone Device";
				ZERO_LINK = NO;
			};
			name = Release;
		};
		FD6976C011FBBB93000311C2 /* Debug */ = {
			isa = XCBuildConfiguration;
			buildSettings = {
				ALWAYS_SEARCH_USER_PATHS = NO;
				COPY_PHASE_STRIP = NO;
				FRAMEWORK_SEARCH_PATHS = (
					"$(inherited)",
					"\"$(DEVELOPER_DIR)/SDKs/MacOSX10.6.sdk/System/Library/Frameworks\"",
				);
				GCC_DYNAMIC_NO_PIC = NO;
				GCC_ENABLE_FIX_AND_CONTINUE = YES;
				GCC_MODEL_TUNING = G5;
				GCC_OPTIMIZATION_LEVEL = 0;
				GCC_PRECOMPILE_PREFIX_HEADER = NO;
				GCC_PREFIX_HEADER = "";
				INSTALL_PATH = /usr/local/lib;
				OTHER_LDFLAGS = (
					"-framework",
					Foundation,
				);
				PREBINDING = NO;
				PRODUCT_NAME = "Mac Static Library";
				RUN_CLANG_STATIC_ANALYZER = YES;
			};
			name = Debug;
		};
		FD6976C111FBBB93000311C2 /* Release */ = {
			isa = XCBuildConfiguration;
			buildSettings = {
				ALWAYS_SEARCH_USER_PATHS = NO;
				COPY_PHASE_STRIP = YES;
				DEBUG_INFORMATION_FORMAT = "dwarf-with-dsym";
				FRAMEWORK_SEARCH_PATHS = (
					"$(inherited)",
					"\"$(DEVELOPER_DIR)/SDKs/MacOSX10.6.sdk/System/Library/Frameworks\"",
					"\"$(SDKROOT)/\"",
				);
				GCC_ENABLE_FIX_AND_CONTINUE = NO;
				GCC_MODEL_TUNING = G5;
				GCC_PRECOMPILE_PREFIX_HEADER = YES;
				GCC_PREFIX_HEADER = "$(SYSTEM_LIBRARY_DIR)/Frameworks/AppKit.framework/Headers/AppKit.h";
				INSTALL_PATH = /usr/local/lib;
				OTHER_LDFLAGS = (
					"-framework",
					Foundation,
					"-framework",
					AppKit,
				);
				PREBINDING = NO;
				PRODUCT_NAME = "Mac Static Library";
				ZERO_LINK = NO;
			};
			name = Release;
		};
/* End XCBuildConfiguration section */

/* Begin XCConfigurationList section */
		FD44F20011F3D0EA000B1930 /* Build configuration list for PBXProject "OAuthConsumer" */ = {
			isa = XCConfigurationList;
			buildConfigurations = (
				FD44F1FE11F3D0EA000B1930 /* Debug */,
				FD44F1FF11F3D0EA000B1930 /* Release */,
			);
			defaultConfigurationIsVisible = 0;
			defaultConfigurationName = Release;
		};
		FD44F23A11F3D1D7000B1930 /* Build configuration list for PBXNativeTarget "iPhone Device" */ = {
			isa = XCConfigurationList;
			buildConfigurations = (
				FD44F23811F3D1D7000B1930 /* Debug */,
				FD44F23911F3D1D7000B1930 /* Release */,
			);
			defaultConfigurationIsVisible = 0;
			defaultConfigurationName = Release;
		};
		FD6976C211FBBC42000311C2 /* Build configuration list for PBXNativeTarget "Mac Static Library" */ = {
			isa = XCConfigurationList;
			buildConfigurations = (
				FD6976C011FBBB93000311C2 /* Debug */,
				FD6976C111FBBB93000311C2 /* Release */,
			);
			defaultConfigurationIsVisible = 0;
			defaultConfigurationName = Release;
		};
/* End XCConfigurationList section */
	};
	rootObject = FD44F1FD11F3D0EA000B1930 /* Project object */;
}
